// !$*UTF8*$!
{
	archiveVersion = 1;
	classes = {
	};
	objectVersion = 51;
	objects = {

/* Begin PBXBuildFile section */
		30A82A2E2847CC46CA13D643 /* Pods_CurrencyConverter_CurrencyConverterUITests.framework in Frameworks */ = {isa = PBXBuildFile; fileRef = 87FC4F65FBE5AB51FD9181C9 /* Pods_CurrencyConverter_CurrencyConverterUITests.framework */; };
		6DCCE855765407DFB607BB4F /* Pods_CurrencyConverter.framework in Frameworks */ = {isa = PBXBuildFile; fileRef = 1B2D75E83B210D3BBF18AEC6 /* Pods_CurrencyConverter.framework */; };
		82550ED775ED0A6E2701F611 /* Pods_CurrencyConverterTests.framework in Frameworks */ = {isa = PBXBuildFile; fileRef = 84D98D43FAFCF228796A6F06 /* Pods_CurrencyConverterTests.framework */; };
		E23CA51B249845060021C6A0 /* WidgetView.swift in Sources */ = {isa = PBXBuildFile; fileRef = E23CA51A249845060021C6A0 /* WidgetView.swift */; };
		E23CA52024984D4E0021C6A0 /* Assets.xcassets in Resources */ = {isa = PBXBuildFile; fileRef = E2F86D4A24876B0200BB5636 /* Assets.xcassets */; };
		E23CA52224984EF60021C6A0 /* WidgetView.swift in Sources */ = {isa = PBXBuildFile; fileRef = E23CA51A249845060021C6A0 /* WidgetView.swift */; };
		E23CA52324984EFD0021C6A0 /* TodayViewController.swift in Sources */ = {isa = PBXBuildFile; fileRef = E256CFB12491BE9D0026D86C /* TodayViewController.swift */; };
		E23CA52424984F000021C6A0 /* MainInterface.storyboard in Resources */ = {isa = PBXBuildFile; fileRef = E256CFB32491BE9D0026D86C /* MainInterface.storyboard */; };
		E23CA52724999F380021C6A0 /* CurrencyList.swift in Sources */ = {isa = PBXBuildFile; fileRef = E256CF8D24887AC60026D86C /* CurrencyList.swift */; };
		E23CA52824999F3B0021C6A0 /* Currency.swift in Sources */ = {isa = PBXBuildFile; fileRef = E256CF89248879A80026D86C /* Currency.swift */; };
		E23CA52924999F420021C6A0 /* UserData.swift in Sources */ = {isa = PBXBuildFile; fileRef = E256CF8F24887BCF0026D86C /* UserData.swift */; };
		E23CA52A2499A0D20021C6A0 /* CurrencyItemView.swift in Sources */ = {isa = PBXBuildFile; fileRef = E256CF91248880880026D86C /* CurrencyItemView.swift */; };
		E256CF8A248879A80026D86C /* Currency.swift in Sources */ = {isa = PBXBuildFile; fileRef = E256CF89248879A80026D86C /* Currency.swift */; };
		E256CF8E24887AC60026D86C /* CurrencyList.swift in Sources */ = {isa = PBXBuildFile; fileRef = E256CF8D24887AC60026D86C /* CurrencyList.swift */; };
		E256CF9024887BCF0026D86C /* UserData.swift in Sources */ = {isa = PBXBuildFile; fileRef = E256CF8F24887BCF0026D86C /* UserData.swift */; };
		E256CF92248880880026D86C /* CurrencyItemView.swift in Sources */ = {isa = PBXBuildFile; fileRef = E256CF91248880880026D86C /* CurrencyItemView.swift */; };
		E256CF9424888A900026D86C /* GADBannerViewController.swift in Sources */ = {isa = PBXBuildFile; fileRef = E256CF9324888A900026D86C /* GADBannerViewController.swift */; };
		E256CFA8248DB5760026D86C /* ChangeBaseCurrencyView.swift in Sources */ = {isa = PBXBuildFile; fileRef = E256CFA7248DB5760026D86C /* ChangeBaseCurrencyView.swift */; };
		E256CFAF2491BE9D0026D86C /* NotificationCenter.framework in Frameworks */ = {isa = PBXBuildFile; fileRef = E256CFAE2491BE9D0026D86C /* NotificationCenter.framework */; };
		E256CFB22491BE9D0026D86C /* TodayViewController.swift in Sources */ = {isa = PBXBuildFile; fileRef = E256CFB12491BE9D0026D86C /* TodayViewController.swift */; };
		E256CFB52491BE9D0026D86C /* MainInterface.storyboard in Resources */ = {isa = PBXBuildFile; fileRef = E256CFB32491BE9D0026D86C /* MainInterface.storyboard */; };
		E256CFB92491BE9D0026D86C /* CurrencyConverterWidget.appex in Embed App Extensions */ = {isa = PBXBuildFile; fileRef = E256CFAD2491BE9D0026D86C /* CurrencyConverterWidget.appex */; settings = {ATTRIBUTES = (RemoveHeadersOnCopy, ); }; };
		E2F86D4524876B0100BB5636 /* AppDelegate.swift in Sources */ = {isa = PBXBuildFile; fileRef = E2F86D4424876B0100BB5636 /* AppDelegate.swift */; };
		E2F86D4724876B0100BB5636 /* SceneDelegate.swift in Sources */ = {isa = PBXBuildFile; fileRef = E2F86D4624876B0100BB5636 /* SceneDelegate.swift */; };
		E2F86D4924876B0100BB5636 /* ContentView.swift in Sources */ = {isa = PBXBuildFile; fileRef = E2F86D4824876B0100BB5636 /* ContentView.swift */; };
		E2F86D4B24876B0200BB5636 /* Assets.xcassets in Resources */ = {isa = PBXBuildFile; fileRef = E2F86D4A24876B0200BB5636 /* Assets.xcassets */; };
		E2F86D4E24876B0200BB5636 /* Preview Assets.xcassets in Resources */ = {isa = PBXBuildFile; fileRef = E2F86D4D24876B0200BB5636 /* Preview Assets.xcassets */; };
		E2F86D5124876B0200BB5636 /* LaunchScreen.storyboard in Resources */ = {isa = PBXBuildFile; fileRef = E2F86D4F24876B0200BB5636 /* LaunchScreen.storyboard */; };
		E2F86D5C24876B0200BB5636 /* CurrencyConverterTests.swift in Sources */ = {isa = PBXBuildFile; fileRef = E2F86D5B24876B0200BB5636 /* CurrencyConverterTests.swift */; };
		E2F86D6724876B0200BB5636 /* CurrencyConverterUITests.swift in Sources */ = {isa = PBXBuildFile; fileRef = E2F86D6624876B0200BB5636 /* CurrencyConverterUITests.swift */; };
		E2F86D7524876D4000BB5636 /* ModalView.swift in Sources */ = {isa = PBXBuildFile; fileRef = E2F86D7424876D4000BB5636 /* ModalView.swift */; };
		E2F86D7724876DA800BB5636 /* MainView.swift in Sources */ = {isa = PBXBuildFile; fileRef = E2F86D7624876DA800BB5636 /* MainView.swift */; };
/* End PBXBuildFile section */

/* Begin PBXContainerItemProxy section */
		E256CFB72491BE9D0026D86C /* PBXContainerItemProxy */ = {
			isa = PBXContainerItemProxy;
			containerPortal = E2F86D3924876B0100BB5636 /* Project object */;
			proxyType = 1;
			remoteGlobalIDString = E256CFAC2491BE9D0026D86C;
			remoteInfo = CurrencyConverterWidget;
		};
		E2F86D5824876B0200BB5636 /* PBXContainerItemProxy */ = {
			isa = PBXContainerItemProxy;
			containerPortal = E2F86D3924876B0100BB5636 /* Project object */;
			proxyType = 1;
			remoteGlobalIDString = E2F86D4024876B0100BB5636;
			remoteInfo = CurrencyConverter;
		};
		E2F86D6324876B0200BB5636 /* PBXContainerItemProxy */ = {
			isa = PBXContainerItemProxy;
			containerPortal = E2F86D3924876B0100BB5636 /* Project object */;
			proxyType = 1;
			remoteGlobalIDString = E2F86D4024876B0100BB5636;
			remoteInfo = CurrencyConverter;
		};
/* End PBXContainerItemProxy section */

/* Begin PBXCopyFilesBuildPhase section */
		E256CFBD2491BE9D0026D86C /* Embed App Extensions */ = {
			isa = PBXCopyFilesBuildPhase;
			buildActionMask = 2147483647;
			dstPath = "";
			dstSubfolderSpec = 13;
			files = (
				E256CFB92491BE9D0026D86C /* CurrencyConverterWidget.appex in Embed App Extensions */,
			);
			name = "Embed App Extensions";
			runOnlyForDeploymentPostprocessing = 0;
		};
/* End PBXCopyFilesBuildPhase section */

/* Begin PBXFileReference section */
		1B2D75E83B210D3BBF18AEC6 /* Pods_CurrencyConverter.framework */ = {isa = PBXFileReference; explicitFileType = wrapper.framework; includeInIndex = 0; path = Pods_CurrencyConverter.framework; sourceTree = BUILT_PRODUCTS_DIR; };
		6A1482F9E0E572FB1D90E92A /* Pods-CurrencyConverter-CurrencyConverterUITests.debug.xcconfig */ = {isa = PBXFileReference; includeInIndex = 1; lastKnownFileType = text.xcconfig; name = "Pods-CurrencyConverter-CurrencyConverterUITests.debug.xcconfig"; path = "Target Support Files/Pods-CurrencyConverter-CurrencyConverterUITests/Pods-CurrencyConverter-CurrencyConverterUITests.debug.xcconfig"; sourceTree = "<group>"; };
		84D98D43FAFCF228796A6F06 /* Pods_CurrencyConverterTests.framework */ = {isa = PBXFileReference; explicitFileType = wrapper.framework; includeInIndex = 0; path = Pods_CurrencyConverterTests.framework; sourceTree = BUILT_PRODUCTS_DIR; };
		87FC4F65FBE5AB51FD9181C9 /* Pods_CurrencyConverter_CurrencyConverterUITests.framework */ = {isa = PBXFileReference; explicitFileType = wrapper.framework; includeInIndex = 0; path = Pods_CurrencyConverter_CurrencyConverterUITests.framework; sourceTree = BUILT_PRODUCTS_DIR; };
		991AAB2A134930955201A717 /* Pods-CurrencyConverterTests.debug.xcconfig */ = {isa = PBXFileReference; includeInIndex = 1; lastKnownFileType = text.xcconfig; name = "Pods-CurrencyConverterTests.debug.xcconfig"; path = "Target Support Files/Pods-CurrencyConverterTests/Pods-CurrencyConverterTests.debug.xcconfig"; sourceTree = "<group>"; };
		99DA4BAE938789BF43B62FFD /* Pods-CurrencyConverter.release.xcconfig */ = {isa = PBXFileReference; includeInIndex = 1; lastKnownFileType = text.xcconfig; name = "Pods-CurrencyConverter.release.xcconfig"; path = "Target Support Files/Pods-CurrencyConverter/Pods-CurrencyConverter.release.xcconfig"; sourceTree = "<group>"; };
		9AECF1DD3DDA63CCA92D9304 /* Pods-CurrencyConverter-CurrencyConverterUITests.release.xcconfig */ = {isa = PBXFileReference; includeInIndex = 1; lastKnownFileType = text.xcconfig; name = "Pods-CurrencyConverter-CurrencyConverterUITests.release.xcconfig"; path = "Target Support Files/Pods-CurrencyConverter-CurrencyConverterUITests/Pods-CurrencyConverter-CurrencyConverterUITests.release.xcconfig"; sourceTree = "<group>"; };
		BEF7E73DA037043A7D0E7CA2 /* Pods-CurrencyConverterTests.release.xcconfig */ = {isa = PBXFileReference; includeInIndex = 1; lastKnownFileType = text.xcconfig; name = "Pods-CurrencyConverterTests.release.xcconfig"; path = "Target Support Files/Pods-CurrencyConverterTests/Pods-CurrencyConverterTests.release.xcconfig"; sourceTree = "<group>"; };
		E23CA51A249845060021C6A0 /* WidgetView.swift */ = {isa = PBXFileReference; lastKnownFileType = sourcecode.swift; path = WidgetView.swift; sourceTree = "<group>"; };
		E23CA52124984DE20021C6A0 /* CurrencyConverter.entitlements */ = {isa = PBXFileReference; lastKnownFileType = text.plist.entitlements; path = CurrencyConverter.entitlements; sourceTree = "<group>"; };
		E256CF89248879A80026D86C /* Currency.swift */ = {isa = PBXFileReference; lastKnownFileType = sourcecode.swift; path = Currency.swift; sourceTree = "<group>"; };
		E256CF8D24887AC60026D86C /* CurrencyList.swift */ = {isa = PBXFileReference; lastKnownFileType = sourcecode.swift; path = CurrencyList.swift; sourceTree = "<group>"; };
		E256CF8F24887BCF0026D86C /* UserData.swift */ = {isa = PBXFileReference; lastKnownFileType = sourcecode.swift; path = UserData.swift; sourceTree = "<group>"; };
		E256CF91248880880026D86C /* CurrencyItemView.swift */ = {isa = PBXFileReference; lastKnownFileType = sourcecode.swift; path = CurrencyItemView.swift; sourceTree = "<group>"; };
		E256CF9324888A900026D86C /* GADBannerViewController.swift */ = {isa = PBXFileReference; lastKnownFileType = sourcecode.swift; path = GADBannerViewController.swift; sourceTree = "<group>"; };
		E256CFA524888CCD0026D86C /* AudioUnit.framework */ = {isa = PBXFileReference; lastKnownFileType = wrapper.framework; name = AudioUnit.framework; path = System/Library/Frameworks/AudioUnit.framework; sourceTree = SDKROOT; };
		E256CFA7248DB5760026D86C /* ChangeBaseCurrencyView.swift */ = {isa = PBXFileReference; lastKnownFileType = sourcecode.swift; path = ChangeBaseCurrencyView.swift; sourceTree = "<group>"; };
		E256CFAD2491BE9D0026D86C /* CurrencyConverterWidget.appex */ = {isa = PBXFileReference; explicitFileType = "wrapper.app-extension"; includeInIndex = 0; path = CurrencyConverterWidget.appex; sourceTree = BUILT_PRODUCTS_DIR; };
		E256CFAE2491BE9D0026D86C /* NotificationCenter.framework */ = {isa = PBXFileReference; lastKnownFileType = wrapper.framework; name = NotificationCenter.framework; path = System/Library/Frameworks/NotificationCenter.framework; sourceTree = SDKROOT; };
		E256CFB12491BE9D0026D86C /* TodayViewController.swift */ = {isa = PBXFileReference; lastKnownFileType = sourcecode.swift; path = TodayViewController.swift; sourceTree = "<group>"; };
		E256CFB42491BE9D0026D86C /* Base */ = {isa = PBXFileReference; lastKnownFileType = file.storyboard; name = Base; path = Base.lproj/MainInterface.storyboard; sourceTree = "<group>"; };
		E256CFB62491BE9D0026D86C /* Info.plist */ = {isa = PBXFileReference; lastKnownFileType = text.plist.xml; path = Info.plist; sourceTree = "<group>"; };
		E2F86D4124876B0100BB5636 /* CurrencyConverter.app */ = {isa = PBXFileReference; explicitFileType = wrapper.application; includeInIndex = 0; path = CurrencyConverter.app; sourceTree = BUILT_PRODUCTS_DIR; };
		E2F86D4424876B0100BB5636 /* AppDelegate.swift */ = {isa = PBXFileReference; lastKnownFileType = sourcecode.swift; path = AppDelegate.swift; sourceTree = "<group>"; };
		E2F86D4624876B0100BB5636 /* SceneDelegate.swift */ = {isa = PBXFileReference; lastKnownFileType = sourcecode.swift; path = SceneDelegate.swift; sourceTree = "<group>"; };
		E2F86D4824876B0100BB5636 /* ContentView.swift */ = {isa = PBXFileReference; lastKnownFileType = sourcecode.swift; path = ContentView.swift; sourceTree = "<group>"; };
		E2F86D4A24876B0200BB5636 /* Assets.xcassets */ = {isa = PBXFileReference; lastKnownFileType = folder.assetcatalog; path = Assets.xcassets; sourceTree = "<group>"; };
		E2F86D4D24876B0200BB5636 /* Preview Assets.xcassets */ = {isa = PBXFileReference; lastKnownFileType = folder.assetcatalog; path = "Preview Assets.xcassets"; sourceTree = "<group>"; };
		E2F86D5024876B0200BB5636 /* Base */ = {isa = PBXFileReference; lastKnownFileType = file.storyboard; name = Base; path = Base.lproj/LaunchScreen.storyboard; sourceTree = "<group>"; };
		E2F86D5224876B0200BB5636 /* Info.plist */ = {isa = PBXFileReference; lastKnownFileType = text.plist.xml; path = Info.plist; sourceTree = "<group>"; };
		E2F86D5724876B0200BB5636 /* CurrencyConverterTests.xctest */ = {isa = PBXFileReference; explicitFileType = wrapper.cfbundle; includeInIndex = 0; path = CurrencyConverterTests.xctest; sourceTree = BUILT_PRODUCTS_DIR; };
		E2F86D5B24876B0200BB5636 /* CurrencyConverterTests.swift */ = {isa = PBXFileReference; lastKnownFileType = sourcecode.swift; path = CurrencyConverterTests.swift; sourceTree = "<group>"; };
		E2F86D5D24876B0200BB5636 /* Info.plist */ = {isa = PBXFileReference; lastKnownFileType = text.plist.xml; path = Info.plist; sourceTree = "<group>"; };
		E2F86D6224876B0200BB5636 /* CurrencyConverterUITests.xctest */ = {isa = PBXFileReference; explicitFileType = wrapper.cfbundle; includeInIndex = 0; path = CurrencyConverterUITests.xctest; sourceTree = BUILT_PRODUCTS_DIR; };
		E2F86D6624876B0200BB5636 /* CurrencyConverterUITests.swift */ = {isa = PBXFileReference; lastKnownFileType = sourcecode.swift; path = CurrencyConverterUITests.swift; sourceTree = "<group>"; };
		E2F86D6824876B0200BB5636 /* Info.plist */ = {isa = PBXFileReference; lastKnownFileType = text.plist.xml; path = Info.plist; sourceTree = "<group>"; };
		E2F86D7424876D4000BB5636 /* ModalView.swift */ = {isa = PBXFileReference; lastKnownFileType = sourcecode.swift; path = ModalView.swift; sourceTree = "<group>"; };
		E2F86D7624876DA800BB5636 /* MainView.swift */ = {isa = PBXFileReference; lastKnownFileType = sourcecode.swift; path = MainView.swift; sourceTree = "<group>"; };
		EC41CBF86D977AA7CF585B62 /* Pods-CurrencyConverter.debug.xcconfig */ = {isa = PBXFileReference; includeInIndex = 1; lastKnownFileType = text.xcconfig; name = "Pods-CurrencyConverter.debug.xcconfig"; path = "Target Support Files/Pods-CurrencyConverter/Pods-CurrencyConverter.debug.xcconfig"; sourceTree = "<group>"; };
/* End PBXFileReference section */

/* Begin PBXFrameworksBuildPhase section */
		E256CFAA2491BE9D0026D86C /* Frameworks */ = {
			isa = PBXFrameworksBuildPhase;
			buildActionMask = 2147483647;
			files = (
				E256CFAF2491BE9D0026D86C /* NotificationCenter.framework in Frameworks */,
			);
			runOnlyForDeploymentPostprocessing = 0;
		};
		E2F86D3E24876B0100BB5636 /* Frameworks */ = {
			isa = PBXFrameworksBuildPhase;
			buildActionMask = 2147483647;
			files = (
				6DCCE855765407DFB607BB4F /* Pods_CurrencyConverter.framework in Frameworks */,
			);
			runOnlyForDeploymentPostprocessing = 0;
		};
		E2F86D5424876B0200BB5636 /* Frameworks */ = {
			isa = PBXFrameworksBuildPhase;
			buildActionMask = 2147483647;
			files = (
				82550ED775ED0A6E2701F611 /* Pods_CurrencyConverterTests.framework in Frameworks */,
			);
			runOnlyForDeploymentPostprocessing = 0;
		};
		E2F86D5F24876B0200BB5636 /* Frameworks */ = {
			isa = PBXFrameworksBuildPhase;
			buildActionMask = 2147483647;
			files = (
				30A82A2E2847CC46CA13D643 /* Pods_CurrencyConverter_CurrencyConverterUITests.framework in Frameworks */,
			);
			runOnlyForDeploymentPostprocessing = 0;
		};
/* End PBXFrameworksBuildPhase section */

/* Begin PBXGroup section */
		ADBBC78F14BB6B8D20194D5F /* Pods */ = {
			isa = PBXGroup;
			children = (
				EC41CBF86D977AA7CF585B62 /* Pods-CurrencyConverter.debug.xcconfig */,
				99DA4BAE938789BF43B62FFD /* Pods-CurrencyConverter.release.xcconfig */,
				6A1482F9E0E572FB1D90E92A /* Pods-CurrencyConverter-CurrencyConverterUITests.debug.xcconfig */,
				9AECF1DD3DDA63CCA92D9304 /* Pods-CurrencyConverter-CurrencyConverterUITests.release.xcconfig */,
				991AAB2A134930955201A717 /* Pods-CurrencyConverterTests.debug.xcconfig */,
				BEF7E73DA037043A7D0E7CA2 /* Pods-CurrencyConverterTests.release.xcconfig */,
			);
			path = Pods;
			sourceTree = "<group>";
		};
		E256CFA424888CCD0026D86C /* Frameworks */ = {
			isa = PBXGroup;
			children = (
				E256CFA524888CCD0026D86C /* AudioUnit.framework */,
				1B2D75E83B210D3BBF18AEC6 /* Pods_CurrencyConverter.framework */,
				87FC4F65FBE5AB51FD9181C9 /* Pods_CurrencyConverter_CurrencyConverterUITests.framework */,
				84D98D43FAFCF228796A6F06 /* Pods_CurrencyConverterTests.framework */,
				E256CFAE2491BE9D0026D86C /* NotificationCenter.framework */,
			);
			name = Frameworks;
			sourceTree = "<group>";
		};
		E256CFB02491BE9D0026D86C /* CurrencyConverterWidget */ = {
			isa = PBXGroup;
			children = (
				E23CA51A249845060021C6A0 /* WidgetView.swift */,
				E256CFB12491BE9D0026D86C /* TodayViewController.swift */,
				E256CFB32491BE9D0026D86C /* MainInterface.storyboard */,
				E256CFB62491BE9D0026D86C /* Info.plist */,
			);
			path = CurrencyConverterWidget;
			sourceTree = "<group>";
		};
		E2F86D3824876B0100BB5636 = {
			isa = PBXGroup;
			children = (
				E2F86D4324876B0100BB5636 /* CurrencyConverter */,
				E2F86D5A24876B0200BB5636 /* CurrencyConverterTests */,
				E2F86D6524876B0200BB5636 /* CurrencyConverterUITests */,
				E256CFB02491BE9D0026D86C /* CurrencyConverterWidget */,
				E2F86D4224876B0100BB5636 /* Products */,
				E256CFA424888CCD0026D86C /* Frameworks */,
				ADBBC78F14BB6B8D20194D5F /* Pods */,
			);
			sourceTree = "<group>";
		};
		E2F86D4224876B0100BB5636 /* Products */ = {
			isa = PBXGroup;
			children = (
				E2F86D4124876B0100BB5636 /* CurrencyConverter.app */,
				E2F86D5724876B0200BB5636 /* CurrencyConverterTests.xctest */,
				E2F86D6224876B0200BB5636 /* CurrencyConverterUITests.xctest */,
				E256CFAD2491BE9D0026D86C /* CurrencyConverterWidget.appex */,
			);
			name = Products;
			sourceTree = "<group>";
		};
		E2F86D4324876B0100BB5636 /* CurrencyConverter */ = {
			isa = PBXGroup;
			children = (
				E23CA52124984DE20021C6A0 /* CurrencyConverter.entitlements */,
				E2F86D4424876B0100BB5636 /* AppDelegate.swift */,
				E2F86D4624876B0100BB5636 /* SceneDelegate.swift */,
				E2F86D4824876B0100BB5636 /* ContentView.swift */,
				E2F86D4A24876B0200BB5636 /* Assets.xcassets */,
				E2F86D4F24876B0200BB5636 /* LaunchScreen.storyboard */,
				E2F86D5224876B0200BB5636 /* Info.plist */,
				E2F86D4C24876B0200BB5636 /* Preview Content */,
				E2F86D7424876D4000BB5636 /* ModalView.swift */,
				E2F86D7624876DA800BB5636 /* MainView.swift */,
				E256CF89248879A80026D86C /* Currency.swift */,
				E256CF8D24887AC60026D86C /* CurrencyList.swift */,
				E256CF8F24887BCF0026D86C /* UserData.swift */,
				E256CF91248880880026D86C /* CurrencyItemView.swift */,
				E256CF9324888A900026D86C /* GADBannerViewController.swift */,
				E256CFA7248DB5760026D86C /* ChangeBaseCurrencyView.swift */,
			);
			path = CurrencyConverter;
			sourceTree = "<group>";
		};
		E2F86D4C24876B0200BB5636 /* Preview Content */ = {
			isa = PBXGroup;
			children = (
				E2F86D4D24876B0200BB5636 /* Preview Assets.xcassets */,
			);
			path = "Preview Content";
			sourceTree = "<group>";
		};
		E2F86D5A24876B0200BB5636 /* CurrencyConverterTests */ = {
			isa = PBXGroup;
			children = (
				E2F86D5B24876B0200BB5636 /* CurrencyConverterTests.swift */,
				E2F86D5D24876B0200BB5636 /* Info.plist */,
			);
			path = CurrencyConverterTests;
			sourceTree = "<group>";
		};
		E2F86D6524876B0200BB5636 /* CurrencyConverterUITests */ = {
			isa = PBXGroup;
			children = (
				E2F86D6624876B0200BB5636 /* CurrencyConverterUITests.swift */,
				E2F86D6824876B0200BB5636 /* Info.plist */,
			);
			path = CurrencyConverterUITests;
			sourceTree = "<group>";
		};
/* End PBXGroup section */

/* Begin PBXNativeTarget section */
		E256CFAC2491BE9D0026D86C /* CurrencyConverterWidget */ = {
			isa = PBXNativeTarget;
			buildConfigurationList = E256CFBA2491BE9D0026D86C /* Build configuration list for PBXNativeTarget "CurrencyConverterWidget" */;
			buildPhases = (
				E256CFA92491BE9D0026D86C /* Sources */,
				E256CFAA2491BE9D0026D86C /* Frameworks */,
				E256CFAB2491BE9D0026D86C /* Resources */,
			);
			buildRules = (
			);
			dependencies = (
			);
			name = CurrencyConverterWidget;
			productName = CurrencyConverterWidget;
			productReference = E256CFAD2491BE9D0026D86C /* CurrencyConverterWidget.appex */;
			productType = "com.apple.product-type.app-extension";
		};
		E2F86D4024876B0100BB5636 /* CurrencyConverter */ = {
			isa = PBXNativeTarget;
			buildConfigurationList = E2F86D6B24876B0200BB5636 /* Build configuration list for PBXNativeTarget "CurrencyConverter" */;
			buildPhases = (
				7D483510D5FA4CEC9DF55AB7 /* [CP] Check Pods Manifest.lock */,
				E2F86D3D24876B0100BB5636 /* Sources */,
				E2F86D3E24876B0100BB5636 /* Frameworks */,
				E2F86D3F24876B0100BB5636 /* Resources */,
				F115DC3858A9892C1BCF0763 /* [CP] Embed Pods Frameworks */,
				E256CFBD2491BE9D0026D86C /* Embed App Extensions */,
			);
			buildRules = (
			);
			dependencies = (
				E256CFB82491BE9D0026D86C /* PBXTargetDependency */,
			);
			name = CurrencyConverter;
			productName = CurrencyConverter;
			productReference = E2F86D4124876B0100BB5636 /* CurrencyConverter.app */;
			productType = "com.apple.product-type.application";
		};
		E2F86D5624876B0200BB5636 /* CurrencyConverterTests */ = {
			isa = PBXNativeTarget;
			buildConfigurationList = E2F86D6E24876B0200BB5636 /* Build configuration list for PBXNativeTarget "CurrencyConverterTests" */;
			buildPhases = (
				E9B04A642DA0182572CC1C45 /* [CP] Check Pods Manifest.lock */,
				E2F86D5324876B0200BB5636 /* Sources */,
				E2F86D5424876B0200BB5636 /* Frameworks */,
				E2F86D5524876B0200BB5636 /* Resources */,
			);
			buildRules = (
			);
			dependencies = (
				E2F86D5924876B0200BB5636 /* PBXTargetDependency */,
			);
			name = CurrencyConverterTests;
			productName = CurrencyConverterTests;
			productReference = E2F86D5724876B0200BB5636 /* CurrencyConverterTests.xctest */;
			productType = "com.apple.product-type.bundle.unit-test";
		};
		E2F86D6124876B0200BB5636 /* CurrencyConverterUITests */ = {
			isa = PBXNativeTarget;
			buildConfigurationList = E2F86D7124876B0200BB5636 /* Build configuration list for PBXNativeTarget "CurrencyConverterUITests" */;
			buildPhases = (
				D05475080B6DCC9C59651D10 /* [CP] Check Pods Manifest.lock */,
				E2F86D5E24876B0200BB5636 /* Sources */,
				E2F86D5F24876B0200BB5636 /* Frameworks */,
				E2F86D6024876B0200BB5636 /* Resources */,
				3C3A9EEAA96EC00A938852AE /* [CP] Embed Pods Frameworks */,
			);
			buildRules = (
			);
			dependencies = (
				E2F86D6424876B0200BB5636 /* PBXTargetDependency */,
			);
			name = CurrencyConverterUITests;
			productName = CurrencyConverterUITests;
			productReference = E2F86D6224876B0200BB5636 /* CurrencyConverterUITests.xctest */;
			productType = "com.apple.product-type.bundle.ui-testing";
		};
/* End PBXNativeTarget section */

/* Begin PBXProject section */
		E2F86D3924876B0100BB5636 /* Project object */ = {
			isa = PBXProject;
			attributes = {
				LastSwiftUpdateCheck = 1150;
				LastUpgradeCheck = 1150;
				ORGANIZATIONNAME = BTU;
				TargetAttributes = {
					E256CFAC2491BE9D0026D86C = {
						CreatedOnToolsVersion = 11.5;
					};
					E2F86D4024876B0100BB5636 = {
						CreatedOnToolsVersion = 11.5;
					};
					E2F86D5624876B0200BB5636 = {
						CreatedOnToolsVersion = 11.5;
						TestTargetID = E2F86D4024876B0100BB5636;
					};
					E2F86D6124876B0200BB5636 = {
						CreatedOnToolsVersion = 11.5;
						TestTargetID = E2F86D4024876B0100BB5636;
					};
				};
			};
			buildConfigurationList = E2F86D3C24876B0100BB5636 /* Build configuration list for PBXProject "CurrencyConverter" */;
			compatibilityVersion = "Xcode 9.3";
			developmentRegion = en;
			hasScannedForEncodings = 0;
			knownRegions = (
				en,
				Base,
			);
			mainGroup = E2F86D3824876B0100BB5636;
			productRefGroup = E2F86D4224876B0100BB5636 /* Products */;
			projectDirPath = "";
			projectRoot = "";
			targets = (
				E2F86D4024876B0100BB5636 /* CurrencyConverter */,
				E2F86D5624876B0200BB5636 /* CurrencyConverterTests */,
				E2F86D6124876B0200BB5636 /* CurrencyConverterUITests */,
				E256CFAC2491BE9D0026D86C /* CurrencyConverterWidget */,
			);
		};
/* End PBXProject section */

/* Begin PBXResourcesBuildPhase section */
		E256CFAB2491BE9D0026D86C /* Resources */ = {
			isa = PBXResourcesBuildPhase;
			buildActionMask = 2147483647;
			files = (
				E23CA52024984D4E0021C6A0 /* Assets.xcassets in Resources */,
				E256CFB52491BE9D0026D86C /* MainInterface.storyboard in Resources */,
			);
			runOnlyForDeploymentPostprocessing = 0;
		};
		E2F86D3F24876B0100BB5636 /* Resources */ = {
			isa = PBXResourcesBuildPhase;
			buildActionMask = 2147483647;
			files = (
				E2F86D5124876B0200BB5636 /* LaunchScreen.storyboard in Resources */,
				E23CA52424984F000021C6A0 /* MainInterface.storyboard in Resources */,
				E2F86D4E24876B0200BB5636 /* Preview Assets.xcassets in Resources */,
				E2F86D4B24876B0200BB5636 /* Assets.xcassets in Resources */,
			);
			runOnlyForDeploymentPostprocessing = 0;
		};
		E2F86D5524876B0200BB5636 /* Resources */ = {
			isa = PBXResourcesBuildPhase;
			buildActionMask = 2147483647;
			files = (
			);
			runOnlyForDeploymentPostprocessing = 0;
		};
		E2F86D6024876B0200BB5636 /* Resources */ = {
			isa = PBXResourcesBuildPhase;
			buildActionMask = 2147483647;
			files = (
			);
			runOnlyForDeploymentPostprocessing = 0;
		};
/* End PBXResourcesBuildPhase section */

/* Begin PBXShellScriptBuildPhase section */
		3C3A9EEAA96EC00A938852AE /* [CP] Embed Pods Frameworks */ = {
			isa = PBXShellScriptBuildPhase;
			buildActionMask = 2147483647;
			files = (
			);
			inputFileListPaths = (
				"${PODS_ROOT}/Target Support Files/Pods-CurrencyConverter-CurrencyConverterUITests/Pods-CurrencyConverter-CurrencyConverterUITests-frameworks-${CONFIGURATION}-input-files.xcfilelist",
			);
			name = "[CP] Embed Pods Frameworks";
			outputFileListPaths = (
				"${PODS_ROOT}/Target Support Files/Pods-CurrencyConverter-CurrencyConverterUITests/Pods-CurrencyConverter-CurrencyConverterUITests-frameworks-${CONFIGURATION}-output-files.xcfilelist",
			);
			runOnlyForDeploymentPostprocessing = 0;
			shellPath = /bin/sh;
			shellScript = "\"${PODS_ROOT}/Target Support Files/Pods-CurrencyConverter-CurrencyConverterUITests/Pods-CurrencyConverter-CurrencyConverterUITests-frameworks.sh\"\n";
			showEnvVarsInLog = 0;
		};
		7D483510D5FA4CEC9DF55AB7 /* [CP] Check Pods Manifest.lock */ = {
			isa = PBXShellScriptBuildPhase;
			buildActionMask = 2147483647;
			files = (
			);
			inputFileListPaths = (
			);
			inputPaths = (
				"${PODS_PODFILE_DIR_PATH}/Podfile.lock",
				"${PODS_ROOT}/Manifest.lock",
			);
			name = "[CP] Check Pods Manifest.lock";
			outputFileListPaths = (
			);
			outputPaths = (
				"$(DERIVED_FILE_DIR)/Pods-CurrencyConverter-checkManifestLockResult.txt",
			);
			runOnlyForDeploymentPostprocessing = 0;
			shellPath = /bin/sh;
			shellScript = "diff \"${PODS_PODFILE_DIR_PATH}/Podfile.lock\" \"${PODS_ROOT}/Manifest.lock\" > /dev/null\nif [ $? != 0 ] ; then\n    # print error to STDERR\n    echo \"error: The sandbox is not in sync with the Podfile.lock. Run 'pod install' or update your CocoaPods installation.\" >&2\n    exit 1\nfi\n# This output is used by Xcode 'outputs' to avoid re-running this script phase.\necho \"SUCCESS\" > \"${SCRIPT_OUTPUT_FILE_0}\"\n";
			showEnvVarsInLog = 0;
		};
		D05475080B6DCC9C59651D10 /* [CP] Check Pods Manifest.lock */ = {
			isa = PBXShellScriptBuildPhase;
			buildActionMask = 2147483647;
			files = (
			);
			inputFileListPaths = (
			);
			inputPaths = (
				"${PODS_PODFILE_DIR_PATH}/Podfile.lock",
				"${PODS_ROOT}/Manifest.lock",
			);
			name = "[CP] Check Pods Manifest.lock";
			outputFileListPaths = (
			);
			outputPaths = (
				"$(DERIVED_FILE_DIR)/Pods-CurrencyConverter-CurrencyConverterUITests-checkManifestLockResult.txt",
			);
			runOnlyForDeploymentPostprocessing = 0;
			shellPath = /bin/sh;
			shellScript = "diff \"${PODS_PODFILE_DIR_PATH}/Podfile.lock\" \"${PODS_ROOT}/Manifest.lock\" > /dev/null\nif [ $? != 0 ] ; then\n    # print error to STDERR\n    echo \"error: The sandbox is not in sync with the Podfile.lock. Run 'pod install' or update your CocoaPods installation.\" >&2\n    exit 1\nfi\n# This output is used by Xcode 'outputs' to avoid re-running this script phase.\necho \"SUCCESS\" > \"${SCRIPT_OUTPUT_FILE_0}\"\n";
			showEnvVarsInLog = 0;
		};
		E9B04A642DA0182572CC1C45 /* [CP] Check Pods Manifest.lock */ = {
			isa = PBXShellScriptBuildPhase;
			buildActionMask = 2147483647;
			files = (
			);
			inputFileListPaths = (
			);
			inputPaths = (
				"${PODS_PODFILE_DIR_PATH}/Podfile.lock",
				"${PODS_ROOT}/Manifest.lock",
			);
			name = "[CP] Check Pods Manifest.lock";
			outputFileListPaths = (
			);
			outputPaths = (
				"$(DERIVED_FILE_DIR)/Pods-CurrencyConverterTests-checkManifestLockResult.txt",
			);
			runOnlyForDeploymentPostprocessing = 0;
			shellPath = /bin/sh;
			shellScript = "diff \"${PODS_PODFILE_DIR_PATH}/Podfile.lock\" \"${PODS_ROOT}/Manifest.lock\" > /dev/null\nif [ $? != 0 ] ; then\n    # print error to STDERR\n    echo \"error: The sandbox is not in sync with the Podfile.lock. Run 'pod install' or update your CocoaPods installation.\" >&2\n    exit 1\nfi\n# This output is used by Xcode 'outputs' to avoid re-running this script phase.\necho \"SUCCESS\" > \"${SCRIPT_OUTPUT_FILE_0}\"\n";
			showEnvVarsInLog = 0;
		};
		F115DC3858A9892C1BCF0763 /* [CP] Embed Pods Frameworks */ = {
			isa = PBXShellScriptBuildPhase;
			buildActionMask = 2147483647;
			files = (
			);
			inputFileListPaths = (
				"${PODS_ROOT}/Target Support Files/Pods-CurrencyConverter/Pods-CurrencyConverter-frameworks-${CONFIGURATION}-input-files.xcfilelist",
			);
			name = "[CP] Embed Pods Frameworks";
			outputFileListPaths = (
				"${PODS_ROOT}/Target Support Files/Pods-CurrencyConverter/Pods-CurrencyConverter-frameworks-${CONFIGURATION}-output-files.xcfilelist",
			);
			runOnlyForDeploymentPostprocessing = 0;
			shellPath = /bin/sh;
			shellScript = "\"${PODS_ROOT}/Target Support Files/Pods-CurrencyConverter/Pods-CurrencyConverter-frameworks.sh\"\n";
			showEnvVarsInLog = 0;
		};
/* End PBXShellScriptBuildPhase section */

/* Begin PBXSourcesBuildPhase section */
		E256CFA92491BE9D0026D86C /* Sources */ = {
			isa = PBXSourcesBuildPhase;
			buildActionMask = 2147483647;
			files = (
				E23CA52824999F3B0021C6A0 /* Currency.swift in Sources */,
				E23CA52724999F380021C6A0 /* CurrencyList.swift in Sources */,
				E256CFB22491BE9D0026D86C /* TodayViewController.swift in Sources */,
				E23CA52924999F420021C6A0 /* UserData.swift in Sources */,
				E23CA52A2499A0D20021C6A0 /* CurrencyItemView.swift in Sources */,
				E23CA51B249845060021C6A0 /* WidgetView.swift in Sources */,
			);
			runOnlyForDeploymentPostprocessing = 0;
		};
		E2F86D3D24876B0100BB5636 /* Sources */ = {
			isa = PBXSourcesBuildPhase;
			buildActionMask = 2147483647;
			files = (
				E256CF8A248879A80026D86C /* Currency.swift in Sources */,
				E2F86D4524876B0100BB5636 /* AppDelegate.swift in Sources */,
				E256CF9024887BCF0026D86C /* UserData.swift in Sources */,
				E256CF8E24887AC60026D86C /* CurrencyList.swift in Sources */,
				E256CF92248880880026D86C /* CurrencyItemView.swift in Sources */,
				E256CF9424888A900026D86C /* GADBannerViewController.swift in Sources */,
				E23CA52224984EF60021C6A0 /* WidgetView.swift in Sources */,
				E23CA52324984EFD0021C6A0 /* TodayViewController.swift in Sources */,
				E2F86D4724876B0100BB5636 /* SceneDelegate.swift in Sources */,
				E2F86D7524876D4000BB5636 /* ModalView.swift in Sources */,
				E256CFA8248DB5760026D86C /* ChangeBaseCurrencyView.swift in Sources */,
				E2F86D7724876DA800BB5636 /* MainView.swift in Sources */,
				E2F86D4924876B0100BB5636 /* ContentView.swift in Sources */,
			);
			runOnlyForDeploymentPostprocessing = 0;
		};
		E2F86D5324876B0200BB5636 /* Sources */ = {
			isa = PBXSourcesBuildPhase;
			buildActionMask = 2147483647;
			files = (
				E2F86D5C24876B0200BB5636 /* CurrencyConverterTests.swift in Sources */,
			);
			runOnlyForDeploymentPostprocessing = 0;
		};
		E2F86D5E24876B0200BB5636 /* Sources */ = {
			isa = PBXSourcesBuildPhase;
			buildActionMask = 2147483647;
			files = (
				E2F86D6724876B0200BB5636 /* CurrencyConverterUITests.swift in Sources */,
			);
			runOnlyForDeploymentPostprocessing = 0;
		};
/* End PBXSourcesBuildPhase section */

/* Begin PBXTargetDependency section */
		E256CFB82491BE9D0026D86C /* PBXTargetDependency */ = {
			isa = PBXTargetDependency;
			target = E256CFAC2491BE9D0026D86C /* CurrencyConverterWidget */;
			targetProxy = E256CFB72491BE9D0026D86C /* PBXContainerItemProxy */;
		};
		E2F86D5924876B0200BB5636 /* PBXTargetDependency */ = {
			isa = PBXTargetDependency;
			target = E2F86D4024876B0100BB5636 /* CurrencyConverter */;
			targetProxy = E2F86D5824876B0200BB5636 /* PBXContainerItemProxy */;
		};
		E2F86D6424876B0200BB5636 /* PBXTargetDependency */ = {
			isa = PBXTargetDependency;
			target = E2F86D4024876B0100BB5636 /* CurrencyConverter */;
			targetProxy = E2F86D6324876B0200BB5636 /* PBXContainerItemProxy */;
		};
/* End PBXTargetDependency section */

/* Begin PBXVariantGroup section */
		E256CFB32491BE9D0026D86C /* MainInterface.storyboard */ = {
			isa = PBXVariantGroup;
			children = (
				E256CFB42491BE9D0026D86C /* Base */,
			);
			name = MainInterface.storyboard;
			sourceTree = "<group>";
		};
		E2F86D4F24876B0200BB5636 /* LaunchScreen.storyboard */ = {
			isa = PBXVariantGroup;
			children = (
				E2F86D5024876B0200BB5636 /* Base */,
			);
			name = LaunchScreen.storyboard;
			sourceTree = "<group>";
		};
/* End PBXVariantGroup section */

/* Begin XCBuildConfiguration section */
		E256CFBB2491BE9D0026D86C /* Debug */ = {
			isa = XCBuildConfiguration;
			buildSettings = {
				CODE_SIGN_STYLE = Automatic;
				DEVELOPMENT_TEAM = AZ7NYDGX6V;
				INFOPLIST_FILE = CurrencyConverterWidget/Info.plist;
				LD_RUNPATH_SEARCH_PATHS = (
					"$(inherited)",
					"@executable_path/Frameworks",
					"@executable_path/../../Frameworks",
				);
				PRODUCT_BUNDLE_IDENTIFIER = BTU.CurrencyConverter.CurrencyConverterWidget;
				PRODUCT_NAME = "$(TARGET_NAME)";
				SKIP_INSTALL = YES;
				SWIFT_VERSION = 5.0;
				TARGETED_DEVICE_FAMILY = 1;
			};
			name = Debug;
		};
		E256CFBC2491BE9D0026D86C /* Release */ = {
			isa = XCBuildConfiguration;
			buildSettings = {
				CODE_SIGN_STYLE = Automatic;
				DEVELOPMENT_TEAM = AZ7NYDGX6V;
				INFOPLIST_FILE = CurrencyConverterWidget/Info.plist;
				LD_RUNPATH_SEARCH_PATHS = (
					"$(inherited)",
					"@executable_path/Frameworks",
					"@executable_path/../../Frameworks",
				);
				PRODUCT_BUNDLE_IDENTIFIER = BTU.CurrencyConverter.CurrencyConverterWidget;
				PRODUCT_NAME = "$(TARGET_NAME)";
				SKIP_INSTALL = YES;
				SWIFT_VERSION = 5.0;
				TARGETED_DEVICE_FAMILY = 1;
			};
			name = Release;
		};
		E2F86D6924876B0200BB5636 /* Debug */ = {
			isa = XCBuildConfiguration;
			buildSettings = {
				ALWAYS_SEARCH_USER_PATHS = NO;
				CLANG_ANALYZER_NONNULL = YES;
				CLANG_ANALYZER_NUMBER_OBJECT_CONVERSION = YES_AGGRESSIVE;
				CLANG_CXX_LANGUAGE_STANDARD = "gnu++14";
				CLANG_CXX_LIBRARY = "libc++";
				CLANG_ENABLE_MODULES = YES;
				CLANG_ENABLE_OBJC_ARC = YES;
				CLANG_ENABLE_OBJC_WEAK = YES;
				CLANG_WARN_BLOCK_CAPTURE_AUTORELEASING = YES;
				CLANG_WARN_BOOL_CONVERSION = YES;
				CLANG_WARN_COMMA = YES;
				CLANG_WARN_CONSTANT_CONVERSION = YES;
				CLANG_WARN_DEPRECATED_OBJC_IMPLEMENTATIONS = YES;
				CLANG_WARN_DIRECT_OBJC_ISA_USAGE = YES_ERROR;
				CLANG_WARN_DOCUMENTATION_COMMENTS = YES;
				CLANG_WARN_EMPTY_BODY = YES;
				CLANG_WARN_ENUM_CONVERSION = YES;
				CLANG_WARN_INFINITE_RECURSION = YES;
				CLANG_WARN_INT_CONVERSION = YES;
				CLANG_WARN_NON_LITERAL_NULL_CONVERSION = YES;
				CLANG_WARN_OBJC_IMPLICIT_RETAIN_SELF = YES;
				CLANG_WARN_OBJC_LITERAL_CONVERSION = YES;
				CLANG_WARN_OBJC_ROOT_CLASS = YES_ERROR;
				CLANG_WARN_RANGE_LOOP_ANALYSIS = YES;
				CLANG_WARN_STRICT_PROTOTYPES = YES;
				CLANG_WARN_SUSPICIOUS_MOVE = YES;
				CLANG_WARN_UNGUARDED_AVAILABILITY = YES_AGGRESSIVE;
				CLANG_WARN_UNREACHABLE_CODE = YES;
				CLANG_WARN__DUPLICATE_METHOD_MATCH = YES;
				COPY_PHASE_STRIP = NO;
				DEBUG_INFORMATION_FORMAT = dwarf;
				ENABLE_STRICT_OBJC_MSGSEND = YES;
				ENABLE_TESTABILITY = YES;
				GCC_C_LANGUAGE_STANDARD = gnu11;
				GCC_DYNAMIC_NO_PIC = NO;
				GCC_NO_COMMON_BLOCKS = YES;
				GCC_OPTIMIZATION_LEVEL = 0;
				GCC_PREPROCESSOR_DEFINITIONS = (
					"DEBUG=1",
					"$(inherited)",
				);
				GCC_WARN_64_TO_32_BIT_CONVERSION = YES;
				GCC_WARN_ABOUT_RETURN_TYPE = YES_ERROR;
				GCC_WARN_UNDECLARED_SELECTOR = YES;
				GCC_WARN_UNINITIALIZED_AUTOS = YES_AGGRESSIVE;
				GCC_WARN_UNUSED_FUNCTION = YES;
				GCC_WARN_UNUSED_VARIABLE = YES;
				IPHONEOS_DEPLOYMENT_TARGET = 13.5;
				MTL_ENABLE_DEBUG_INFO = INCLUDE_SOURCE;
				MTL_FAST_MATH = YES;
				ONLY_ACTIVE_ARCH = YES;
				SDKROOT = iphoneos;
				SWIFT_ACTIVE_COMPILATION_CONDITIONS = DEBUG;
				SWIFT_OPTIMIZATION_LEVEL = "-Onone";
			};
			name = Debug;
		};
		E2F86D6A24876B0200BB5636 /* Release */ = {
			isa = XCBuildConfiguration;
			buildSettings = {
				ALWAYS_SEARCH_USER_PATHS = NO;
				CLANG_ANALYZER_NONNULL = YES;
				CLANG_ANALYZER_NUMBER_OBJECT_CONVERSION = YES_AGGRESSIVE;
				CLANG_CXX_LANGUAGE_STANDARD = "gnu++14";
				CLANG_CXX_LIBRARY = "libc++";
				CLANG_ENABLE_MODULES = YES;
				CLANG_ENABLE_OBJC_ARC = YES;
				CLANG_ENABLE_OBJC_WEAK = YES;
				CLANG_WARN_BLOCK_CAPTURE_AUTORELEASING = YES;
				CLANG_WARN_BOOL_CONVERSION = YES;
				CLANG_WARN_COMMA = YES;
				CLANG_WARN_CONSTANT_CONVERSION = YES;
				CLANG_WARN_DEPRECATED_OBJC_IMPLEMENTATIONS = YES;
				CLANG_WARN_DIRECT_OBJC_ISA_USAGE = YES_ERROR;
				CLANG_WARN_DOCUMENTATION_COMMENTS = YES;
				CLANG_WARN_EMPTY_BODY = YES;
				CLANG_WARN_ENUM_CONVERSION = YES;
				CLANG_WARN_INFINITE_RECURSION = YES;
				CLANG_WARN_INT_CONVERSION = YES;
				CLANG_WARN_NON_LITERAL_NULL_CONVERSION = YES;
				CLANG_WARN_OBJC_IMPLICIT_RETAIN_SELF = YES;
				CLANG_WARN_OBJC_LITERAL_CONVERSION = YES;
				CLANG_WARN_OBJC_ROOT_CLASS = YES_ERROR;
				CLANG_WARN_RANGE_LOOP_ANALYSIS = YES;
				CLANG_WARN_STRICT_PROTOTYPES = YES;
				CLANG_WARN_SUSPICIOUS_MOVE = YES;
				CLANG_WARN_UNGUARDED_AVAILABILITY = YES_AGGRESSIVE;
				CLANG_WARN_UNREACHABLE_CODE = YES;
				CLANG_WARN__DUPLICATE_METHOD_MATCH = YES;
				COPY_PHASE_STRIP = NO;
				DEBUG_INFORMATION_FORMAT = "dwarf-with-dsym";
				ENABLE_NS_ASSERTIONS = NO;
				ENABLE_STRICT_OBJC_MSGSEND = YES;
				GCC_C_LANGUAGE_STANDARD = gnu11;
				GCC_NO_COMMON_BLOCKS = YES;
				GCC_WARN_64_TO_32_BIT_CONVERSION = YES;
				GCC_WARN_ABOUT_RETURN_TYPE = YES_ERROR;
				GCC_WARN_UNDECLARED_SELECTOR = YES;
				GCC_WARN_UNINITIALIZED_AUTOS = YES_AGGRESSIVE;
				GCC_WARN_UNUSED_FUNCTION = YES;
				GCC_WARN_UNUSED_VARIABLE = YES;
				IPHONEOS_DEPLOYMENT_TARGET = 13.5;
				MTL_ENABLE_DEBUG_INFO = NO;
				MTL_FAST_MATH = YES;
				SDKROOT = iphoneos;
				SWIFT_COMPILATION_MODE = wholemodule;
				SWIFT_OPTIMIZATION_LEVEL = "-O";
				VALIDATE_PRODUCT = YES;
			};
			name = Release;
		};
		E2F86D6C24876B0200BB5636 /* Debug */ = {
			isa = XCBuildConfiguration;
			baseConfigurationReference = EC41CBF86D977AA7CF585B62 /* Pods-CurrencyConverter.debug.xcconfig */;
			buildSettings = {
				ALWAYS_EMBED_SWIFT_STANDARD_LIBRARIES = YES;
				ASSETCATALOG_COMPILER_APPICON_NAME = AppIcon;
				CODE_SIGN_ENTITLEMENTS = CurrencyConverter/CurrencyConverter.entitlements;
				CODE_SIGN_STYLE = Automatic;
				DEVELOPMENT_ASSET_PATHS = "\"CurrencyConverter/Preview Content\"";
				DEVELOPMENT_TEAM = AZ7NYDGX6V;
				ENABLE_PREVIEWS = YES;
				FRAMEWORK_SEARCH_PATHS = (
					"$(inherited)",
					"$(PROJECT_DIR)/GoogleMobileAdsSdkiOS-7.60.0",
				);
				INFOPLIST_FILE = CurrencyConverter/Info.plist;
				IPHONEOS_DEPLOYMENT_TARGET = 13.0;
				LD_RUNPATH_SEARCH_PATHS = (
					"$(inherited)",
					"@executable_path/Frameworks",
				);
				PRODUCT_BUNDLE_IDENTIFIER = BTU.CurrencyConverter;
				PRODUCT_NAME = "$(TARGET_NAME)";
				SWIFT_VERSION = 5.0;
				TARGETED_DEVICE_FAMILY = 1;
			};
			name = Debug;
		};
		E2F86D6D24876B0200BB5636 /* Release */ = {
			isa = XCBuildConfiguration;
			baseConfigurationReference = 99DA4BAE938789BF43B62FFD /* Pods-CurrencyConverter.release.xcconfig */;
			buildSettings = {
				ALWAYS_EMBED_SWIFT_STANDARD_LIBRARIES = YES;
				ASSETCATALOG_COMPILER_APPICON_NAME = AppIcon;
				CODE_SIGN_ENTITLEMENTS = CurrencyConverter/CurrencyConverter.entitlements;
				CODE_SIGN_STYLE = Automatic;
				DEVELOPMENT_ASSET_PATHS = "\"CurrencyConverter/Preview Content\"";
				DEVELOPMENT_TEAM = AZ7NYDGX6V;
				ENABLE_PREVIEWS = YES;
				FRAMEWORK_SEARCH_PATHS = (
					"$(inherited)",
					"$(PROJECT_DIR)/GoogleMobileAdsSdkiOS-7.60.0",
				);
				INFOPLIST_FILE = CurrencyConverter/Info.plist;
				IPHONEOS_DEPLOYMENT_TARGET = 13.0;
				LD_RUNPATH_SEARCH_PATHS = (
					"$(inherited)",
					"@executable_path/Frameworks",
				);
				PRODUCT_BUNDLE_IDENTIFIER = BTU.CurrencyConverter;
				PRODUCT_NAME = "$(TARGET_NAME)";
				SWIFT_VERSION = 5.0;
				TARGETED_DEVICE_FAMILY = 1;
			};
			name = Release;
		};
		E2F86D6F24876B0200BB5636 /* Debug */ = {
			isa = XCBuildConfiguration;
			baseConfigurationReference = 991AAB2A134930955201A717 /* Pods-CurrencyConverterTests.debug.xcconfig */;
			buildSettings = {
				ALWAYS_EMBED_SWIFT_STANDARD_LIBRARIES = YES;
				BUNDLE_LOADER = "$(TEST_HOST)";
				CODE_SIGN_STYLE = Automatic;
				DEVELOPMENT_TEAM = AZ7NYDGX6V;
				INFOPLIST_FILE = CurrencyConverterTests/Info.plist;
				IPHONEOS_DEPLOYMENT_TARGET = 13.5;
				LD_RUNPATH_SEARCH_PATHS = (
					"$(inherited)",
					"@executable_path/Frameworks",
					"@loader_path/Frameworks",
				);
				PRODUCT_BUNDLE_IDENTIFIER = BTU.CurrencyConverterTests;
				PRODUCT_NAME = "$(TARGET_NAME)";
				SWIFT_VERSION = 5.0;
				TARGETED_DEVICE_FAMILY = "1,2";
				TEST_HOST = "$(BUILT_PRODUCTS_DIR)/CurrencyConverter.app/CurrencyConverter";
			};
			name = Debug;
		};
		E2F86D7024876B0200BB5636 /* Release */ = {
			isa = XCBuildConfiguration;
			baseConfigurationReference = BEF7E73DA037043A7D0E7CA2 /* Pods-CurrencyConverterTests.release.xcconfig */;
			buildSettings = {
				ALWAYS_EMBED_SWIFT_STANDARD_LIBRARIES = YES;
				BUNDLE_LOADER = "$(TEST_HOST)";
				CODE_SIGN_STYLE = Automatic;
				DEVELOPMENT_TEAM = AZ7NYDGX6V;
				INFOPLIST_FILE = CurrencyConverterTests/Info.plist;
				IPHONEOS_DEPLOYMENT_TARGET = 13.5;
				LD_RUNPATH_SEARCH_PATHS = (
					"$(inherited)",
					"@executable_path/Frameworks",
					"@loader_path/Frameworks",
				);
				PRODUCT_BUNDLE_IDENTIFIER = BTU.CurrencyConverterTests;
				PRODUCT_NAME = "$(TARGET_NAME)";
				SWIFT_VERSION = 5.0;
				TARGETED_DEVICE_FAMILY = "1,2";
				TEST_HOST = "$(BUILT_PRODUCTS_DIR)/CurrencyConverter.app/CurrencyConverter";
			};
			name = Release;
		};
		E2F86D7224876B0200BB5636 /* Debug */ = {
			isa = XCBuildConfiguration;
			baseConfigurationReference = 6A1482F9E0E572FB1D90E92A /* Pods-CurrencyConverter-CurrencyConverterUITests.debug.xcconfig */;
			buildSettings = {
				ALWAYS_EMBED_SWIFT_STANDARD_LIBRARIES = YES;
				CODE_SIGN_STYLE = Automatic;
				DEVELOPMENT_TEAM = AZ7NYDGX6V;
				INFOPLIST_FILE = CurrencyConverterUITests/Info.plist;
				LD_RUNPATH_SEARCH_PATHS = (
					"$(inherited)",
					"@executable_path/Frameworks",
					"@loader_path/Frameworks",
				);
				PRODUCT_BUNDLE_IDENTIFIER = BTU.CurrencyConverterUITests;
				PRODUCT_NAME = "$(TARGET_NAME)";
				SWIFT_VERSION = 5.0;
				TARGETED_DEVICE_FAMILY = "1,2";
				TEST_TARGET_NAME = CurrencyConverter;
			};
			name = Debug;
		};
		E2F86D7324876B0200BB5636 /* Release */ = {
			isa = XCBuildConfiguration;
			baseConfigurationReference = 9AECF1DD3DDA63CCA92D9304 /* Pods-CurrencyConverter-CurrencyConverterUITests.release.xcconfig */;
			buildSettings = {
				ALWAYS_EMBED_SWIFT_STANDARD_LIBRARIES = YES;
				CODE_SIGN_STYLE = Automatic;
				DEVELOPMENT_TEAM = AZ7NYDGX6V;
				INFOPLIST_FILE = CurrencyConverterUITests/Info.plist;
				LD_RUNPATH_SEARCH_PATHS = (
					"$(inherited)",
					"@executable_path/Frameworks",
					"@loader_path/Frameworks",
				);
				PRODUCT_BUNDLE_IDENTIFIER = BTU.CurrencyConverterUITests;
				PRODUCT_NAME = "$(TARGET_NAME)";
				SWIFT_VERSION = 5.0;
				TARGETED_DEVICE_FAMILY = "1,2";
				TEST_TARGET_NAME = CurrencyConverter;
			};
			name = Release;
		};
/* End XCBuildConfiguration section */

/* Begin XCConfigurationList section */
		E256CFBA2491BE9D0026D86C /* Build configuration list for PBXNativeTarget "CurrencyConverterWidget" */ = {
			isa = XCConfigurationList;
			buildConfigurations = (
				E256CFBB2491BE9D0026D86C /* Debug */,
				E256CFBC2491BE9D0026D86C /* Release */,
			);
			defaultConfigurationIsVisible = 0;
			defaultConfigurationName = Release;
		};
		E2F86D3C24876B0100BB5636 /* Build configuration list for PBXProject "CurrencyConverter" */ = {
			isa = XCConfigurationList;
			buildConfigurations = (
				E2F86D6924876B0200BB5636 /* Debug */,
				E2F86D6A24876B0200BB5636 /* Release */,
			);
			defaultConfigurationIsVisible = 0;
			defaultConfigurationName = Release;
		};
		E2F86D6B24876B0200BB5636 /* Build configuration list for PBXNativeTarget "CurrencyConverter" */ = {
			isa = XCConfigurationList;
			buildConfigurations = (
				E2F86D6C24876B0200BB5636 /* Debug */,
				E2F86D6D24876B0200BB5636 /* Release */,
			);
			defaultConfigurationIsVisible = 0;
			defaultConfigurationName = Release;
		};
		E2F86D6E24876B0200BB5636 /* Build configuration list for PBXNativeTarget "CurrencyConverterTests" */ = {
			isa = XCConfigurationList;
			buildConfigurations = (
				E2F86D6F24876B0200BB5636 /* Debug */,
				E2F86D7024876B0200BB5636 /* Release */,
			);
			defaultConfigurationIsVisible = 0;
			defaultConfigurationName = Release;
		};
		E2F86D7124876B0200BB5636 /* Build configuration list for PBXNativeTarget "CurrencyConverterUITests" */ = {
			isa = XCConfigurationList;
			buildConfigurations = (
				E2F86D7224876B0200BB5636 /* Debug */,
				E2F86D7324876B0200BB5636 /* Release */,
			);
			defaultConfigurationIsVisible = 0;
			defaultConfigurationName = Release;
		};
/* End XCConfigurationList section */
	};
	rootObject = E2F86D3924876B0100BB5636 /* Project object */;
}
